
Microsoft Visual Studio Solution File, Format Version 12.00
# Visual Studio Version 17
VisualStudioVersion = 17.0.31903.59
MinimumVisualStudioVersion = 10.0.40219.1
Project("{9A19103F-16F7-4668-BE54-9A1E7A4F7556}") = "Cat5DB", "Cat5DB\Cat5DB.csproj", "{DBE13546-65E2-4D0B-8712-E073BA5E9AB4}"
EndProject
Project("{9A19103F-16F7-4668-BE54-9A1E7A4F7556}") = "Cat5Testing", "Cat5Testing\Cat5Testing.csproj", "{EE24B534-22EB-427F-A922-ED0916703726}"
EndProject
Project("{9A19103F-16F7-4668-BE54-9A1E7A4F7556}") = "Cat5Bot", "Cat5Bot\Cat5Bot.csproj", "{403EB75D-E822-47C8-9E97-0059DEF25344}"
EndProject
Project("{FAE04EC0-301F-11D3-BF4B-00C04F79EFBC}") = "Cat5DB.Publish", "Cat5DB.Publish\Cat5DB.Publish.csproj", "{E2089DA3-5833-409C-9AAA-D07B17FDAC42}"
EndProject
Global
	GlobalSection(SolutionConfigurationPlatforms) = preSolution
		Debug|Any CPU = Debug|Any CPU
		Release|Any CPU = Release|Any CPU
	EndGlobalSection
	GlobalSection(ProjectConfigurationPlatforms) = postSolution
		{DBE13546-65E2-4D0B-8712-E073BA5E9AB4}.Debug|Any CPU.ActiveCfg = Debug|Any CPU
		{DBE13546-65E2-4D0B-8712-E073BA5E9AB4}.Debug|Any CPU.Build.0 = Debug|Any CPU
		{DBE13546-65E2-4D0B-8712-E073BA5E9AB4}.Release|Any CPU.ActiveCfg = Release|Any CPU
		{DBE13546-65E2-4D0B-8712-E073BA5E9AB4}.Release|Any CPU.Build.0 = Release|Any CPU
		{EE24B534-22EB-427F-A922-ED0916703726}.Debug|Any CPU.ActiveCfg = Debug|Any CPU
		{EE24B534-22EB-427F-A922-ED0916703726}.Debug|Any CPU.Build.0 = Debug|Any CPU
		{EE24B534-22EB-427F-A922-ED0916703726}.Release|Any CPU.ActiveCfg = Release|Any CPU
		{EE24B534-22EB-427F-A922-ED0916703726}.Release|Any CPU.Build.0 = Release|Any CPU
		{403EB75D-E822-47C8-9E97-0059DEF25344}.Debug|Any CPU.ActiveCfg = Debug|Any CPU
		{403EB75D-E822-47C8-9E97-0059DEF25344}.Debug|Any CPU.Build.0 = Debug|Any CPU
		{403EB75D-E822-47C8-9E97-0059DEF25344}.Release|Any CPU.ActiveCfg = Release|Any CPU
		{403EB75D-E822-47C8-9E97-0059DEF25344}.Release|Any CPU.Build.0 = Release|Any CPU
		{E2089DA3-5833-409C-9AAA-D07B17FDAC42}.Debug|Any CPU.ActiveCfg = Debug|Any CPU
		{E2089DA3-5833-409C-9AAA-D07B17FDAC42}.Debug|Any CPU.Build.0 = Debug|Any CPU
		{E2089DA3-5833-409C-9AAA-D07B17FDAC42}.Release|Any CPU.ActiveCfg = Release|Any CPU
		{E2089DA3-5833-409C-9AAA-D07B17FDAC42}.Release|Any CPU.Build.0 = Release|Any CPU
	EndGlobalSection
	GlobalSection(SolutionProperties) = preSolution
		HideSolutionNode = FALSE
	EndGlobalSection
	GlobalSection(ExtensibilityGlobals) = postSolution
		SolutionGuid = {18E2A609-D277-4555-BA9A-B1AEAE51C512}
	EndGlobalSection
EndGlobal
